
Microsoft Visual Studio Solution File, Format Version 12.00
# Visual Studio Version 17
VisualStudioVersion = 17.10.34916.146
MinimumVisualStudioVersion = 10.0.40219.1
Project("{8BC9CEB8-8B4A-11D0-8D11-00A0C91BC942}") = "Weaves", "Weaves.vcxproj", "{73FD696D-E5FA-4EA0-B09B-F773E7A601E0}"
EndProject
Global
	GlobalSection(SolutionConfigurationPlatforms) = preSolution
		Debug|x64 = Debug|x64
		Debug|x86 = Debug|x86
		Release|x64 = Release|x64
		Release|x86 = Release|x86
	EndGlobalSection
	GlobalSection(ProjectConfigurationPlatforms) = postSolution
		{73FD696D-E5FA-4EA0-B09B-F773E7A601E0}.Debug|x64.ActiveCfg = Debug|x64
		{73FD696D-E5FA-4EA0-B09B-F773E7A601E0}.Debug|x64.Build.0 = Debug|x64
		{73FD696D-E5FA-4EA0-B09B-F773E7A601E0}.Debug|x86.ActiveCfg = Debug|Win32
		{73FD696D-E5FA-4EA0-B09B-F773E7A601E0}.Debug|x86.Build.0 = Debug|Win32
		{73FD696D-E5FA-4EA0-B09B-F773E7A601E0}.Release|x64.ActiveCfg = Release|x64
		{73FD696D-E5FA-4EA0-B09B-F773E7A601E0}.Release|x64.Build.0 = Release|x64
		{73FD696D-E5FA-4EA0-B09B-F773E7A601E0}.Release|x86.ActiveCfg = Release|Win32
		{73FD696D-E5FA-4EA0-B09B-F773E7A601E0}.Release|x86.Build.0 = Release|Win32
	EndGlobalSection
	GlobalSection(SolutionProperties) = preSolution
		HideSolutionNode = FALSE
	EndGlobalSection
	GlobalSection(ExtensibilityGlobals) = postSolution
		SolutionGuid = {2B876ECB-8A64-4598-8A8C-355B0AF69874}
	EndGlobalSection
EndGlobal
